
Microsoft Visual Studio Solution File, Format Version 12.00
# Visual Studio 14
VisualStudioVersion = 14.0.25420.1
MinimumVisualStudioVersion = 10.0.40219.1
Project("{2150E333-8FDC-42A3-9474-1A3956D46DE8}") = "1 - Presentation", "1 - Presentation", "{8EAB74B2-799B-4122-AF00-1F776FEFA032}"
EndProject
Project("{2150E333-8FDC-42A3-9474-1A3956D46DE8}") = "2 - Application", "2 - Application", "{966EF2C5-777D-4727-93D8-8D8332AE023A}"
EndProject
Project("{2150E333-8FDC-42A3-9474-1A3956D46DE8}") = "3 - Domain", "3 - Domain", "{091CF6D0-D751-4145-B4CB-1C3EF1DE00BC}"
EndProject
Project("{2150E333-8FDC-42A3-9474-1A3956D46DE8}") = "4 - Infra", "4 - Infra", "{9F8B0CBB-6255-4B7E-B94A-0B7F67BD97F9}"
EndProject
Project("{2150E333-8FDC-42A3-9474-1A3956D46DE8}") = "5.1 - Data", "5.1 - Data", "{468C06D6-250E-439B-A962-A9E6A7925B68}"
EndProject
Project("{2150E333-8FDC-42A3-9474-1A3956D46DE8}") = "5.2 - CrossCutting", "5.2 - CrossCutting", "{636BAC23-8513-49C3-83D4-D55A15C9F06A}"
EndProject
Project("{FAE04EC0-301F-11D3-BF4B-00C04F79EFBC}") = "SimpleApp.Domain", "src\SimpleApp.Domain\SimpleApp.Domain.csproj", "{276FAACB-20E0-4DEE-9068-4540546A59E9}"
EndProject
Project("{FAE04EC0-301F-11D3-BF4B-00C04F79EFBC}") = "SimpleApp.Infra.Data", "src\SimpleApp.Infra.Data\SimpleApp.Infra.Data.csproj", "{1F09BBBC-9A39-4B2E-845F-A56C1BF61950}"
EndProject
Project("{FAE04EC0-301F-11D3-BF4B-00C04F79EFBC}") = "SimpleApp.Application", "src\SimpleApp.Application\SimpleApp.Application.csproj", "{C37EB548-7001-4E64-825A-22311252A8A4}"
EndProject
Project("{FAE04EC0-301F-11D3-BF4B-00C04F79EFBC}") = "SimpleApp.UI.Mvc", "src\SimpleApp.UI.Mvc\SimpleApp.UI.Mvc.csproj", "{646E1270-09A4-405B-9C0B-F09C1716586A}"
EndProject
Project("{FAE04EC0-301F-11D3-BF4B-00C04F79EFBC}") = "SimpleApp.Infra.CrossCutting.IoC", "src\SimpleApp.Infra.CrossCutting.IoC\SimpleApp.Infra.CrossCutting.IoC.csproj", "{591D0DD0-DC69-4AD4-9443-3FBAB80A3541}"
EndProject
Global
	GlobalSection(SolutionConfigurationPlatforms) = preSolution
		Debug|Any CPU = Debug|Any CPU
		Release|Any CPU = Release|Any CPU
	EndGlobalSection
	GlobalSection(ProjectConfigurationPlatforms) = postSolution
		{276FAACB-20E0-4DEE-9068-4540546A59E9}.Debug|Any CPU.ActiveCfg = Debug|Any CPU
		{276FAACB-20E0-4DEE-9068-4540546A59E9}.Debug|Any CPU.Build.0 = Debug|Any CPU
		{276FAACB-20E0-4DEE-9068-4540546A59E9}.Release|Any CPU.ActiveCfg = Release|Any CPU
		{276FAACB-20E0-4DEE-9068-4540546A59E9}.Release|Any CPU.Build.0 = Release|Any CPU
		{1F09BBBC-9A39-4B2E-845F-A56C1BF61950}.Debug|Any CPU.ActiveCfg = Debug|Any CPU
		{1F09BBBC-9A39-4B2E-845F-A56C1BF61950}.Debug|Any CPU.Build.0 = Debug|Any CPU
		{1F09BBBC-9A39-4B2E-845F-A56C1BF61950}.Release|Any CPU.ActiveCfg = Release|Any CPU
		{1F09BBBC-9A39-4B2E-845F-A56C1BF61950}.Release|Any CPU.Build.0 = Release|Any CPU
		{C37EB548-7001-4E64-825A-22311252A8A4}.Debug|Any CPU.ActiveCfg = Debug|Any CPU
		{C37EB548-7001-4E64-825A-22311252A8A4}.Debug|Any CPU.Build.0 = Debug|Any CPU
		{C37EB548-7001-4E64-825A-22311252A8A4}.Release|Any CPU.ActiveCfg = Release|Any CPU
		{C37EB548-7001-4E64-825A-22311252A8A4}.Release|Any CPU.Build.0 = Release|Any CPU
		{646E1270-09A4-405B-9C0B-F09C1716586A}.Debug|Any CPU.ActiveCfg = Debug|Any CPU
		{646E1270-09A4-405B-9C0B-F09C1716586A}.Debug|Any CPU.Build.0 = Debug|Any CPU
		{646E1270-09A4-405B-9C0B-F09C1716586A}.Release|Any CPU.ActiveCfg = Release|Any CPU
		{646E1270-09A4-405B-9C0B-F09C1716586A}.Release|Any CPU.Build.0 = Release|Any CPU
		{591D0DD0-DC69-4AD4-9443-3FBAB80A3541}.Debug|Any CPU.ActiveCfg = Debug|Any CPU
		{591D0DD0-DC69-4AD4-9443-3FBAB80A3541}.Debug|Any CPU.Build.0 = Debug|Any CPU
		{591D0DD0-DC69-4AD4-9443-3FBAB80A3541}.Release|Any CPU.ActiveCfg = Release|Any CPU
		{591D0DD0-DC69-4AD4-9443-3FBAB80A3541}.Release|Any CPU.Build.0 = Release|Any CPU
	EndGlobalSection
	GlobalSection(SolutionProperties) = preSolution
		HideSolutionNode = FALSE
	EndGlobalSection
	GlobalSection(NestedProjects) = preSolution
		{468C06D6-250E-439B-A962-A9E6A7925B68} = {9F8B0CBB-6255-4B7E-B94A-0B7F67BD97F9}
		{636BAC23-8513-49C3-83D4-D55A15C9F06A} = {9F8B0CBB-6255-4B7E-B94A-0B7F67BD97F9}
		{276FAACB-20E0-4DEE-9068-4540546A59E9} = {091CF6D0-D751-4145-B4CB-1C3EF1DE00BC}
		{1F09BBBC-9A39-4B2E-845F-A56C1BF61950} = {468C06D6-250E-439B-A962-A9E6A7925B68}
		{C37EB548-7001-4E64-825A-22311252A8A4} = {966EF2C5-777D-4727-93D8-8D8332AE023A}
		{646E1270-09A4-405B-9C0B-F09C1716586A} = {8EAB74B2-799B-4122-AF00-1F776FEFA032}
		{591D0DD0-DC69-4AD4-9443-3FBAB80A3541} = {636BAC23-8513-49C3-83D4-D55A15C9F06A}
	EndGlobalSection
EndGlobal
